
Microsoft Visual Studio Solution File, Format Version 12.00
# Visual Studio Version 17
VisualStudioVersion = 17.3.32929.385
MinimumVisualStudioVersion = 10.0.40219.1
Project("{FAE04EC0-301F-11D3-BF4B-00C04F79EFBC}") = "Stack", "Stack.csproj", "{3DC912E7-C21E-477B-8DB6-4547FCCB24AF}"
EndProject
Global
	GlobalSection(SolutionConfigurationPlatforms) = preSolution
		Debug|Any CPU = Debug|Any CPU
		Release|Any CPU = Release|Any CPU
	EndGlobalSection
	GlobalSection(ProjectConfigurationPlatforms) = postSolution
		{3DC912E7-C21E-477B-8DB6-4547FCCB24AF}.Debug|Any CPU.ActiveCfg = Debug|Any CPU
		{3DC912E7-C21E-477B-8DB6-4547FCCB24AF}.Debug|Any CPU.Build.0 = Debug|Any CPU
		{3DC912E7-C21E-477B-8DB6-4547FCCB24AF}.Release|Any CPU.ActiveCfg = Release|Any CPU
		{3DC912E7-C21E-477B-8DB6-4547FCCB24AF}.Release|Any CPU.Build.0 = Release|Any CPU
	EndGlobalSection
	GlobalSection(SolutionProperties) = preSolution
		HideSolutionNode = FALSE
	EndGlobalSection
	GlobalSection(ExtensibilityGlobals) = postSolution
		SolutionGuid = {517F926D-2DE0-4429-B40B-5449E5976B28}
	EndGlobalSection
EndGlobal
